
Microsoft Visual Studio Solution File, Format Version 12.00
# Visual Studio Version 17
VisualStudioVersion = 17.8.34212.112
MinimumVisualStudioVersion = 10.0.40219.1
Project("{FAE04EC0-301F-11D3-BF4B-00C04F79EFBC}") = "Android Editor Close Bug", "Android Editor Close Bug\Android Editor Close Bug.csproj", "{6E106699-9E12-4AE3-83B6-F13F61FF659D}"
EndProject
Global
	GlobalSection(SolutionConfigurationPlatforms) = preSolution
		Debug|Any CPU = Debug|Any CPU
		Release|Any CPU = Release|Any CPU
	EndGlobalSection
	GlobalSection(ProjectConfigurationPlatforms) = postSolution
		{6E106699-9E12-4AE3-83B6-F13F61FF659D}.Debug|Any CPU.ActiveCfg = Debug|Any CPU
		{6E106699-9E12-4AE3-83B6-F13F61FF659D}.Debug|Any CPU.Build.0 = Debug|Any CPU
		{6E106699-9E12-4AE3-83B6-F13F61FF659D}.Debug|Any CPU.Deploy.0 = Debug|Any CPU
		{6E106699-9E12-4AE3-83B6-F13F61FF659D}.Release|Any CPU.ActiveCfg = Release|Any CPU
		{6E106699-9E12-4AE3-83B6-F13F61FF659D}.Release|Any CPU.Build.0 = Release|Any CPU
		{6E106699-9E12-4AE3-83B6-F13F61FF659D}.Release|Any CPU.Deploy.0 = Release|Any CPU
	EndGlobalSection
	GlobalSection(SolutionProperties) = preSolution
		HideSolutionNode = FALSE
	EndGlobalSection
	GlobalSection(ExtensibilityGlobals) = postSolution
		SolutionGuid = {261DCC46-A5D5-47DB-9775-A63EBC63F685}
	EndGlobalSection
EndGlobal
